
Microsoft Visual Studio Solution File, Format Version 12.00
# Visual Studio 2015
Project("{FAE04EC0-301F-11D3-BF4B-00C04F79EFBC}") = "GrizzlyIntentions.CSharp", "GrizzlyIntentions.CSharp.csproj", "{CDF79136-13E3-4C8C-AE5A-55A286B3E37E}"
EndProject
Global
	GlobalSection(SolutionConfigurationPlatforms) = preSolution
		Debug|Any CPU = Debug|Any CPU
		Release|Any CPU = Release|Any CPU
	EndGlobalSection
	GlobalSection(ProjectConfigurationPlatforms) = postSolution
		{CDF79136-13E3-4C8C-AE5A-55A286B3E37E}.Debug|Any CPU.ActiveCfg = Debug|Any CPU
		{CDF79136-13E3-4C8C-AE5A-55A286B3E37E}.Debug|Any CPU.Build.0 = Debug|Any CPU
		{CDF79136-13E3-4C8C-AE5A-55A286B3E37E}.Release|Any CPU.ActiveCfg = Release|Any CPU
		{CDF79136-13E3-4C8C-AE5A-55A286B3E37E}.Release|Any CPU.Build.0 = Release|Any CPU
	EndGlobalSection
	GlobalSection(SolutionProperties) = preSolution
		HideSolutionNode = FALSE
	EndGlobalSection
EndGlobal
